// !$*UTF8*$!
{
	archiveVersion = 1;
	classes = {
	};
	objectVersion = 46;
	objects = {

/* Begin PBXBuildFile section */
		152370601414746300F1F9D0 /* BooksTableViewController.m in Sources */ = {isa = PBXBuildFile; fileRef = 1523705E1414746200F1F9D0 /* BooksTableViewController.m */; };
		152370611414746300F1F9D0 /* BooksTableViewController.xib in Resources */ = {isa = PBXBuildFile; fileRef = 1523705F1414746200F1F9D0 /* BooksTableViewController.xib */; };
		1523706D14147DEA00F1F9D0 /* BookDetailViewController.m in Sources */ = {isa = PBXBuildFile; fileRef = 1523706B14147DEA00F1F9D0 /* BookDetailViewController.m */; };
		1523706E14147DEA00F1F9D0 /* BookDetailViewController.xib in Resources */ = {isa = PBXBuildFile; fileRef = 1523706C14147DEA00F1F9D0 /* BookDetailViewController.xib */; };
		1551CC801413B45D00472EBA /* UIKit.framework in Frameworks */ = {isa = PBXBuildFile; fileRef = 1551CC7F1413B45D00472EBA /* UIKit.framework */; };
		1551CC821413B45D00472EBA /* Foundation.framework in Frameworks */ = {isa = PBXBuildFile; fileRef = 1551CC811413B45D00472EBA /* Foundation.framework */; };
		1551CC841413B45D00472EBA /* CoreGraphics.framework in Frameworks */ = {isa = PBXBuildFile; fileRef = 1551CC831413B45D00472EBA /* CoreGraphics.framework */; };
		1551CC8A1413B45D00472EBA /* InfoPlist.strings in Resources */ = {isa = PBXBuildFile; fileRef = 1551CC881413B45D00472EBA /* InfoPlist.strings */; };
		1551CC8D1413B45D00472EBA /* main.m in Sources */ = {isa = PBXBuildFile; fileRef = 1551CC8C1413B45D00472EBA /* main.m */; };
		1551CC901413B45D00472EBA /* ORBooksAppDelegate.m in Sources */ = {isa = PBXBuildFile; fileRef = 1551CC8F1413B45D00472EBA /* ORBooksAppDelegate.m */; };
		1551CC931413B45D00472EBA /* MainWindow.xib in Resources */ = {isa = PBXBuildFile; fileRef = 1551CC911413B45D00472EBA /* MainWindow.xib */; };
		1551CC9A1413B57500472EBA /* Time.png in Resources */ = {isa = PBXBuildFile; fileRef = 1551CC991413B57500472EBA /* Time.png */; };
		1551CC9C1413B57C00472EBA /* Hypno.png in Resources */ = {isa = PBXBuildFile; fileRef = 1551CC9B1413B57C00472EBA /* Hypno.png */; };
		1551CCA01413B66200472EBA /* AboutViewController.m in Sources */ = {isa = PBXBuildFile; fileRef = 1551CC9E1413B66200472EBA /* AboutViewController.m */; };
		1551CCA11413B66200472EBA /* AboutViewController.xib in Resources */ = {isa = PBXBuildFile; fileRef = 1551CC9F1413B66200472EBA /* AboutViewController.xib */; };
		1551CCA41413B8A600472EBA /* BooksNavController.m in Sources */ = {isa = PBXBuildFile; fileRef = 1551CCA31413B8A600472EBA /* BooksNavController.m */; };
		158AD77B14149A6A008DDC3C /* BooksModel.m in Sources */ = {isa = PBXBuildFile; fileRef = 158AD77A14149A6A008DDC3C /* BooksModel.m */; };
		158AD78014149CAE008DDC3C /* avator1.png in Resources */ = {isa = PBXBuildFile; fileRef = 158AD77D14149CAE008DDC3C /* avator1.png */; };
		158AD78114149CAE008DDC3C /* avator2.png in Resources */ = {isa = PBXBuildFile; fileRef = 158AD77E14149CAE008DDC3C /* avator2.png */; };
		158AD78214149CAE008DDC3C /* avator3.png in Resources */ = {isa = PBXBuildFile; fileRef = 158AD77F14149CAE008DDC3C /* avator3.png */; };
		158AD79D1414C5BA008DDC3C /* LineupNavController.m in Sources */ = {isa = PBXBuildFile; fileRef = 158AD79C1414C5BA008DDC3C /* LineupNavController.m */; };
		158AD7A71414C7CC008DDC3C /* LineupTableViewController.m in Sources */ = {isa = PBXBuildFile; fileRef = 158AD7A51414C7CC008DDC3C /* LineupTableViewController.m */; };
		158AD7A81414C7CC008DDC3C /* LineupTableViewController.xib in Resources */ = {isa = PBXBuildFile; fileRef = 158AD7A61414C7CC008DDC3C /* LineupTableViewController.xib */; };
		158AD7AC1414CCD7008DDC3C /* LineupDetailViewController.m in Sources */ = {isa = PBXBuildFile; fileRef = 158AD7AA1414CCD6008DDC3C /* LineupDetailViewController.m */; };
		158AD7AD1414CCD7008DDC3C /* LineupDetailViewController.xib in Resources */ = {isa = PBXBuildFile; fileRef = 158AD7AB1414CCD6008DDC3C /* LineupDetailViewController.xib */; };
/* End PBXBuildFile section */

/* Begin PBXFileReference section */
		1523705D1414746200F1F9D0 /* BooksTableViewController.h */ = {isa = PBXFileReference; fileEncoding = 4; lastKnownFileType = sourcecode.c.h; path = BooksTableViewController.h; sourceTree = "<group>"; };
		1523705E1414746200F1F9D0 /* BooksTableViewController.m */ = {isa = PBXFileReference; fileEncoding = 4; lastKnownFileType = sourcecode.c.objc; path = BooksTableViewController.m; sourceTree = "<group>"; };
		1523705F1414746200F1F9D0 /* BooksTableViewController.xib */ = {isa = PBXFileReference; fileEncoding = 4; lastKnownFileType = file.xib; path = BooksTableViewController.xib; sourceTree = "<group>"; };
		1523706A14147DEA00F1F9D0 /* BookDetailViewController.h */ = {isa = PBXFileReference; fileEncoding = 4; lastKnownFileType = sourcecode.c.h; name = BookDetailViewController.h; path = ../BookDetailViewController.h; sourceTree = "<group>"; };
		1523706B14147DEA00F1F9D0 /* BookDetailViewController.m */ = {isa = PBXFileReference; fileEncoding = 4; lastKnownFileType = sourcecode.c.objc; name = BookDetailViewController.m; path = ../BookDetailViewController.m; sourceTree = "<group>"; };
		1523706C14147DEA00F1F9D0 /* BookDetailViewController.xib */ = {isa = PBXFileReference; fileEncoding = 4; lastKnownFileType = file.xib; name = BookDetailViewController.xib; path = ../BookDetailViewController.xib; sourceTree = "<group>"; };
		1551CC7B1413B45D00472EBA /* ORBooks.app */ = {isa = PBXFileReference; explicitFileType = wrapper.application; includeInIndex = 0; path = ORBooks.app; sourceTree = BUILT_PRODUCTS_DIR; };
		1551CC7F1413B45D00472EBA /* UIKit.framework */ = {isa = PBXFileReference; lastKnownFileType = wrapper.framework; name = UIKit.framework; path = System/Library/Frameworks/UIKit.framework; sourceTree = SDKROOT; };
		1551CC811413B45D00472EBA /* Foundation.framework */ = {isa = PBXFileReference; lastKnownFileType = wrapper.framework; name = Foundation.framework; path = System/Library/Frameworks/Foundation.framework; sourceTree = SDKROOT; };
		1551CC831413B45D00472EBA /* CoreGraphics.framework */ = {isa = PBXFileReference; lastKnownFileType = wrapper.framework; name = CoreGraphics.framework; path = System/Library/Frameworks/CoreGraphics.framework; sourceTree = SDKROOT; };
		1551CC871413B45D00472EBA /* ORBooks-Info.plist */ = {isa = PBXFileReference; lastKnownFileType = text.plist.xml; path = "ORBooks-Info.plist"; sourceTree = "<group>"; };
		1551CC891413B45D00472EBA /* en */ = {isa = PBXFileReference; lastKnownFileType = text.plist.strings; name = en; path = en.lproj/InfoPlist.strings; sourceTree = "<group>"; };
		1551CC8B1413B45D00472EBA /* ORBooks-Prefix.pch */ = {isa = PBXFileReference; lastKnownFileType = sourcecode.c.h; path = "ORBooks-Prefix.pch"; sourceTree = "<group>"; };
		1551CC8C1413B45D00472EBA /* main.m */ = {isa = PBXFileReference; lastKnownFileType = sourcecode.c.objc; path = main.m; sourceTree = "<group>"; };
		1551CC8E1413B45D00472EBA /* ORBooksAppDelegate.h */ = {isa = PBXFileReference; lastKnownFileType = sourcecode.c.h; path = ORBooksAppDelegate.h; sourceTree = "<group>"; };
		1551CC8F1413B45D00472EBA /* ORBooksAppDelegate.m */ = {isa = PBXFileReference; lastKnownFileType = sourcecode.c.objc; path = ORBooksAppDelegate.m; sourceTree = "<group>"; };
		1551CC921413B45D00472EBA /* en */ = {isa = PBXFileReference; lastKnownFileType = file.xib; name = en; path = en.lproj/MainWindow.xib; sourceTree = "<group>"; };
		1551CC991413B57500472EBA /* Time.png */ = {isa = PBXFileReference; lastKnownFileType = image.png; path = Time.png; sourceTree = "<group>"; };
		1551CC9B1413B57C00472EBA /* Hypno.png */ = {isa = PBXFileReference; lastKnownFileType = image.png; path = Hypno.png; sourceTree = "<group>"; };
		1551CC9D1413B66200472EBA /* AboutViewController.h */ = {isa = PBXFileReference; fileEncoding = 4; lastKnownFileType = sourcecode.c.h; path = AboutViewController.h; sourceTree = "<group>"; };
		1551CC9E1413B66200472EBA /* AboutViewController.m */ = {isa = PBXFileReference; fileEncoding = 4; lastKnownFileType = sourcecode.c.objc; path = AboutViewController.m; sourceTree = "<group>"; };
		1551CC9F1413B66200472EBA /* AboutViewController.xib */ = {isa = PBXFileReference; fileEncoding = 4; lastKnownFileType = file.xib; path = AboutViewController.xib; sourceTree = "<group>"; };
		1551CCA21413B8A600472EBA /* BooksNavController.h */ = {isa = PBXFileReference; fileEncoding = 4; lastKnownFileType = sourcecode.c.h; path = BooksNavController.h; sourceTree = "<group>"; };
		1551CCA31413B8A600472EBA /* BooksNavController.m */ = {isa = PBXFileReference; fileEncoding = 4; lastKnownFileType = sourcecode.c.objc; path = BooksNavController.m; sourceTree = "<group>"; };
		158AD77914149A6A008DDC3C /* BooksModel.h */ = {isa = PBXFileReference; fileEncoding = 4; lastKnownFileType = sourcecode.c.h; path = BooksModel.h; sourceTree = "<group>"; };
		158AD77A14149A6A008DDC3C /* BooksModel.m */ = {isa = PBXFileReference; fileEncoding = 4; lastKnownFileType = sourcecode.c.objc; path = BooksModel.m; sourceTree = "<group>"; };
		158AD77D14149CAE008DDC3C /* avator1.png */ = {isa = PBXFileReference; lastKnownFileType = image.png; path = avator1.png; sourceTree = "<group>"; };
		158AD77E14149CAE008DDC3C /* avator2.png */ = {isa = PBXFileReference; lastKnownFileType = image.png; path = avator2.png; sourceTree = "<group>"; };
		158AD77F14149CAE008DDC3C /* avator3.png */ = {isa = PBXFileReference; lastKnownFileType = image.png; path = avator3.png; sourceTree = "<group>"; };
		158AD79B1414C5BA008DDC3C /* LineupNavController.h */ = {isa = PBXFileReference; fileEncoding = 4; lastKnownFileType = sourcecode.c.h; path = LineupNavController.h; sourceTree = "<group>"; };
		158AD79C1414C5BA008DDC3C /* LineupNavController.m */ = {isa = PBXFileReference; fileEncoding = 4; lastKnownFileType = sourcecode.c.objc; path = LineupNavController.m; sourceTree = "<group>"; };
		158AD7A41414C7CC008DDC3C /* LineupTableViewController.h */ = {isa = PBXFileReference; fileEncoding = 4; lastKnownFileType = sourcecode.c.h; path = LineupTableViewController.h; sourceTree = "<group>"; };
		158AD7A51414C7CC008DDC3C /* LineupTableViewController.m */ = {isa = PBXFileReference; fileEncoding = 4; lastKnownFileType = sourcecode.c.objc; path = LineupTableViewController.m; sourceTree = "<group>"; };
		158AD7A61414C7CC008DDC3C /* LineupTableViewController.xib */ = {isa = PBXFileReference; fileEncoding = 4; lastKnownFileType = file.xib; path = LineupTableViewController.xib; sourceTree = "<group>"; };
		158AD7A91414CCD6008DDC3C /* LineupDetailViewController.h */ = {isa = PBXFileReference; fileEncoding = 4; lastKnownFileType = sourcecode.c.h; path = LineupDetailViewController.h; sourceTree = "<group>"; };
		158AD7AA1414CCD6008DDC3C /* LineupDetailViewController.m */ = {isa = PBXFileReference; fileEncoding = 4; lastKnownFileType = sourcecode.c.objc; path = LineupDetailViewController.m; sourceTree = "<group>"; };
		158AD7AB1414CCD6008DDC3C /* LineupDetailViewController.xib */ = {isa = PBXFileReference; fileEncoding = 4; lastKnownFileType = file.xib; path = LineupDetailViewController.xib; sourceTree = "<group>"; };
/* End PBXFileReference section */

/* Begin PBXFrameworksBuildPhase section */
		1551CC781413B45C00472EBA /* Frameworks */ = {
			isa = PBXFrameworksBuildPhase;
			buildActionMask = 2147483647;
			files = (
				1551CC801413B45D00472EBA /* UIKit.framework in Frameworks */,
				1551CC821413B45D00472EBA /* Foundation.framework in Frameworks */,
				1551CC841413B45D00472EBA /* CoreGraphics.framework in Frameworks */,
			);
			runOnlyForDeploymentPostprocessing = 0;
		};
/* End PBXFrameworksBuildPhase section */

/* Begin PBXGroup section */
		1551CC701413B45B00472EBA = {
			isa = PBXGroup;
			children = (
				1551CC851413B45D00472EBA /* ORBooks */,
				1551CC7E1413B45D00472EBA /* Frameworks */,
				1551CC7C1413B45D00472EBA /* Products */,
			);
			sourceTree = "<group>";
		};
		1551CC7C1413B45D00472EBA /* Products */ = {
			isa = PBXGroup;
			children = (
				1551CC7B1413B45D00472EBA /* ORBooks.app */,
			);
			name = Products;
			sourceTree = "<group>";
		};
		1551CC7E1413B45D00472EBA /* Frameworks */ = {
			isa = PBXGroup;
			children = (
				1551CC7F1413B45D00472EBA /* UIKit.framework */,
				1551CC811413B45D00472EBA /* Foundation.framework */,
				1551CC831413B45D00472EBA /* CoreGraphics.framework */,
			);
			name = Frameworks;
			sourceTree = "<group>";
		};
		1551CC851413B45D00472EBA /* ORBooks */ = {
			isa = PBXGroup;
			children = (
				15DF93681413C60300D0AB10 /* About */,
				1551CC8E1413B45D00472EBA /* ORBooksAppDelegate.h */,
				1551CC8F1413B45D00472EBA /* ORBooksAppDelegate.m */,
				1551CC911413B45D00472EBA /* MainWindow.xib */,
				1551CCA21413B8A600472EBA /* BooksNavController.h */,
				1551CCA31413B8A600472EBA /* BooksNavController.m */,
				1523705D1414746200F1F9D0 /* BooksTableViewController.h */,
				1523705E1414746200F1F9D0 /* BooksTableViewController.m */,
				1523705F1414746200F1F9D0 /* BooksTableViewController.xib */,
				1523706A14147DEA00F1F9D0 /* BookDetailViewController.h */,
				1523706B14147DEA00F1F9D0 /* BookDetailViewController.m */,
				1523706C14147DEA00F1F9D0 /* BookDetailViewController.xib */,
				158AD77914149A6A008DDC3C /* BooksModel.h */,
				158AD77A14149A6A008DDC3C /* BooksModel.m */,
				158AD79B1414C5BA008DDC3C /* LineupNavController.h */,
				158AD79C1414C5BA008DDC3C /* LineupNavController.m */,
				158AD7A41414C7CC008DDC3C /* LineupTableViewController.h */,
				158AD7A51414C7CC008DDC3C /* LineupTableViewController.m */,
				158AD7A61414C7CC008DDC3C /* LineupTableViewController.xib */,
				158AD7A91414CCD6008DDC3C /* LineupDetailViewController.h */,
				158AD7AA1414CCD6008DDC3C /* LineupDetailViewController.m */,
				158AD7AB1414CCD6008DDC3C /* LineupDetailViewController.xib */,
				1551CC861413B45D00472EBA /* Supporting Files */,
			);
			path = ORBooks;
			sourceTree = "<group>";
		};
		1551CC861413B45D00472EBA /* Supporting Files */ = {
			isa = PBXGroup;
			children = (
				158AD77D14149CAE008DDC3C /* avator1.png */,
				158AD77E14149CAE008DDC3C /* avator2.png */,
				158AD77F14149CAE008DDC3C /* avator3.png */,
				1551CC9B1413B57C00472EBA /* Hypno.png */,
				1551CC991413B57500472EBA /* Time.png */,
				1551CC871413B45D00472EBA /* ORBooks-Info.plist */,
				1551CC881413B45D00472EBA /* InfoPlist.strings */,
				1551CC8B1413B45D00472EBA /* ORBooks-Prefix.pch */,
				1551CC8C1413B45D00472EBA /* main.m */,
			);
			name = "Supporting Files";
			sourceTree = "<group>";
		};
		15DF93681413C60300D0AB10 /* About */ = {
			isa = PBXGroup;
			children = (
				1551CC9D1413B66200472EBA /* AboutViewController.h */,
				1551CC9E1413B66200472EBA /* AboutViewController.m */,
				1551CC9F1413B66200472EBA /* AboutViewController.xib */,
			);
			name = About;
			sourceTree = "<group>";
		};
/* End PBXGroup section */

/* Begin PBXNativeTarget section */
		1551CC7A1413B45C00472EBA /* ORBooks */ = {
			isa = PBXNativeTarget;
			buildConfigurationList = 1551CC961413B45D00472EBA /* Build configuration list for PBXNativeTarget "ORBooks" */;
			buildPhases = (
				1551CC771413B45C00472EBA /* Sources */,
				1551CC781413B45C00472EBA /* Frameworks */,
				1551CC791413B45C00472EBA /* Resources */,
			);
			buildRules = (
			);
			dependencies = (
			);
			name = ORBooks;
			productName = ORBooks;
			productReference = 1551CC7B1413B45D00472EBA /* ORBooks.app */;
			productType = "com.apple.product-type.application";
		};
/* End PBXNativeTarget section */

/* Begin PBXProject section */
		1551CC721413B45B00472EBA /* Project object */ = {
			isa = PBXProject;
			buildConfigurationList = 1551CC751413B45B00472EBA /* Build configuration list for PBXProject "ORBooks" */;
			compatibilityVersion = "Xcode 3.2";
			developmentRegion = English;
			hasScannedForEncodings = 0;
			knownRegions = (
				en,
			);
			mainGroup = 1551CC701413B45B00472EBA;
			productRefGroup = 1551CC7C1413B45D00472EBA /* Products */;
			projectDirPath = "";
			projectRoot = "";
			targets = (
				1551CC7A1413B45C00472EBA /* ORBooks */,
			);
		};
/* End PBXProject section */

/* Begin PBXResourcesBuildPhase section */
		1551CC791413B45C00472EBA /* Resources */ = {
			isa = PBXResourcesBuildPhase;
			buildActionMask = 2147483647;
			files = (
				1551CC8A1413B45D00472EBA /* InfoPlist.strings in Resources */,
				1551CC931413B45D00472EBA /* MainWindow.xib in Resources */,
				1551CC9A1413B57500472EBA /* Time.png in Resources */,
				1551CC9C1413B57C00472EBA /* Hypno.png in Resources */,
				1551CCA11413B66200472EBA /* AboutViewController.xib in Resources */,
				152370611414746300F1F9D0 /* BooksTableViewController.xib in Resources */,
				1523706E14147DEA00F1F9D0 /* BookDetailViewController.xib in Resources */,
				158AD78014149CAE008DDC3C /* avator1.png in Resources */,
				158AD78114149CAE008DDC3C /* avator2.png in Resources */,
				158AD78214149CAE008DDC3C /* avator3.png in Resources */,
				158AD7A81414C7CC008DDC3C /* LineupTableViewController.xib in Resources */,
				158AD7AD1414CCD7008DDC3C /* LineupDetailViewController.xib in Resources */,
			);
			runOnlyForDeploymentPostprocessing = 0;
		};
/* End PBXResourcesBuildPhase section */

/* Begin PBXSourcesBuildPhase section */
		1551CC771413B45C00472EBA /* Sources */ = {
			isa = PBXSourcesBuildPhase;
			buildActionMask = 2147483647;
			files = (
				1551CC8D1413B45D00472EBA /* main.m in Sources */,
				1551CC901413B45D00472EBA /* ORBooksAppDelegate.m in Sources */,
				1551CCA01413B66200472EBA /* AboutViewController.m in Sources */,
				1551CCA41413B8A600472EBA /* BooksNavController.m in Sources */,
				152370601414746300F1F9D0 /* BooksTableViewController.m in Sources */,
				1523706D14147DEA00F1F9D0 /* BookDetailViewController.m in Sources */,
				158AD77B14149A6A008DDC3C /* BooksModel.m in Sources */,
				158AD79D1414C5BA008DDC3C /* LineupNavController.m in Sources */,
				158AD7A71414C7CC008DDC3C /* LineupTableViewController.m in Sources */,
				158AD7AC1414CCD7008DDC3C /* LineupDetailViewController.m in Sources */,
			);
			runOnlyForDeploymentPostprocessing = 0;
		};
/* End PBXSourcesBuildPhase section */

/* Begin PBXVariantGroup section */
		1551CC881413B45D00472EBA /* InfoPlist.strings */ = {
			isa = PBXVariantGroup;
			children = (
				1551CC891413B45D00472EBA /* en */,
			);
			name = InfoPlist.strings;
			sourceTree = "<group>";
		};
		1551CC911413B45D00472EBA /* MainWindow.xib */ = {
			isa = PBXVariantGroup;
			children = (
				1551CC921413B45D00472EBA /* en */,
			);
			name = MainWindow.xib;
			sourceTree = "<group>";
		};
/* End PBXVariantGroup section */

/* Begin XCBuildConfiguration section */
		1551CC941413B45D00472EBA /* Debug */ = {
			isa = XCBuildConfiguration;
			buildSettings = {
				ARCHS = "$(ARCHS_STANDARD_32_BIT)";
				"CODE_SIGN_IDENTITY[sdk=iphoneos*]" = "iPhone Developer";
				GCC_C_LANGUAGE_STANDARD = gnu99;
				GCC_OPTIMIZATION_LEVEL = 0;
				GCC_PREPROCESSOR_DEFINITIONS = DEBUG;
				GCC_SYMBOLS_PRIVATE_EXTERN = NO;
				GCC_VERSION = com.apple.compilers.llvmgcc42;
				GCC_WARN_ABOUT_RETURN_TYPE = YES;
				GCC_WARN_UNUSED_VARIABLE = YES;
				IPHONEOS_DEPLOYMENT_TARGET = 4.3;
				SDKROOT = iphoneos;
			};
			name = Debug;
		};
		1551CC951413B45D00472EBA /* Release */ = {
			isa = XCBuildConfiguration;
			buildSettings = {
				ARCHS = "$(ARCHS_STANDARD_32_BIT)";
				"CODE_SIGN_IDENTITY[sdk=iphoneos*]" = "iPhone Developer";
				GCC_C_LANGUAGE_STANDARD = gnu99;
				GCC_VERSION = com.apple.compilers.llvmgcc42;
				GCC_WARN_ABOUT_RETURN_TYPE = YES;
				GCC_WARN_UNUSED_VARIABLE = YES;
				IPHONEOS_DEPLOYMENT_TARGET = 4.3;
				OTHER_CFLAGS = "-DNS_BLOCK_ASSERTIONS=1";
				SDKROOT = iphoneos;
			};
			name = Release;
		};
		1551CC971413B45D00472EBA /* Debug */ = {
			isa = XCBuildConfiguration;
			buildSettings = {
				ALWAYS_SEARCH_USER_PATHS = NO;
				COPY_PHASE_STRIP = NO;
				GCC_DYNAMIC_NO_PIC = NO;
				GCC_PRECOMPILE_PREFIX_HEADER = YES;
				GCC_PREFIX_HEADER = "ORBooks/ORBooks-Prefix.pch";
				INFOPLIST_FILE = "ORBooks/ORBooks-Info.plist";
				PRODUCT_NAME = "$(TARGET_NAME)";
				WRAPPER_EXTENSION = app;
			};
			name = Debug;
		};
		1551CC981413B45D00472EBA /* Release */ = {
			isa = XCBuildConfiguration;
			buildSettings = {
				ALWAYS_SEARCH_USER_PATHS = NO;
				COPY_PHASE_STRIP = YES;
				GCC_PRECOMPILE_PREFIX_HEADER = YES;
				GCC_PREFIX_HEADER = "ORBooks/ORBooks-Prefix.pch";
				INFOPLIST_FILE = "ORBooks/ORBooks-Info.plist";
				PRODUCT_NAME = "$(TARGET_NAME)";
				VALIDATE_PRODUCT = YES;
				WRAPPER_EXTENSION = app;
			};
			name = Release;
		};
/* End XCBuildConfiguration section */

/* Begin XCConfigurationList section */
		1551CC751413B45B00472EBA /* Build configuration list for PBXProject "ORBooks" */ = {
			isa = XCConfigurationList;
			buildConfigurations = (
				1551CC941413B45D00472EBA /* Debug */,
				1551CC951413B45D00472EBA /* Release */,
			);
			defaultConfigurationIsVisible = 0;
			defaultConfigurationName = Release;
		};
		1551CC961413B45D00472EBA /* Build configuration list for PBXNativeTarget "ORBooks" */ = {
			isa = XCConfigurationList;
			buildConfigurations = (
				1551CC971413B45D00472EBA /* Debug */,
				1551CC981413B45D00472EBA /* Release */,
			);
			defaultConfigurationIsVisible = 0;
			defaultConfigurationName = Release;
		};
/* End XCConfigurationList section */
	};
	rootObject = 1551CC721413B45B00472EBA /* Project object */;
}
